
Microsoft Visual Studio Solution File, Format Version 12.00
# Visual Studio 14
VisualStudioVersion = 14.0.25420.1
MinimumVisualStudioVersion = 10.0.40219.1
Project("{FAE04EC0-301F-11D3-BF4B-00C04F79EFBC}") = "ExcelTest", "ExcelTest2\ExcelTest\ExcelTest.csproj", "{48EB6045-65E2-4A98-86CC-A3063A02021E}"
	ProjectSection(ProjectDependencies) = postProject
		{B987FF23-3CBB-4CE2-95AF-89DEA13C4637} = {B987FF23-3CBB-4CE2-95AF-89DEA13C4637}
		{05098F4E-8AF0-4181-BA5A-BBDABD572000} = {05098F4E-8AF0-4181-BA5A-BBDABD572000}
		{9258A980-2A10-4796-BAC1-1769F13FB8B4} = {9258A980-2A10-4796-BAC1-1769F13FB8B4}
		{FF602692-A856-45B1-8C6D-55857F1C9E65} = {FF602692-A856-45B1-8C6D-55857F1C9E65}
		{3FE50597-048E-4EEB-AA78-99D941524D8C} = {3FE50597-048E-4EEB-AA78-99D941524D8C}
	EndProjectSection
EndProject
Project("{FAE04EC0-301F-11D3-BF4B-00C04F79EFBC}") = "FreeScreenVideoRecorder", "Free Screen Video Recorder\WindowsFormsApplication16\FreeScreenVideoRecorder.csproj", "{FF602692-A856-45B1-8C6D-55857F1C9E65}"
	ProjectSection(ProjectDependencies) = postProject
		{05098F4E-8AF0-4181-BA5A-BBDABD572000} = {05098F4E-8AF0-4181-BA5A-BBDABD572000}
		{9258A980-2A10-4796-BAC1-1769F13FB8B4} = {9258A980-2A10-4796-BAC1-1769F13FB8B4}
		{3FE50597-048E-4EEB-AA78-99D941524D8C} = {3FE50597-048E-4EEB-AA78-99D941524D8C}
	EndProjectSection
EndProject
Project("{FAE04EC0-301F-11D3-BF4B-00C04F79EFBC}") = "GeneratorPrzypadkow", "Generator\WindowsFormsApplication7\GeneratorPrzypadkow.csproj", "{3FE50597-048E-4EEB-AA78-99D941524D8C}"
	ProjectSection(ProjectDependencies) = postProject
		{05098F4E-8AF0-4181-BA5A-BBDABD572000} = {05098F4E-8AF0-4181-BA5A-BBDABD572000}
		{9258A980-2A10-4796-BAC1-1769F13FB8B4} = {9258A980-2A10-4796-BAC1-1769F13FB8B4}
	EndProjectSection
EndProject
Project("{FAE04EC0-301F-11D3-BF4B-00C04F79EFBC}") = "TaskRunner", "TaskRunner\TaskRunner\TaskRunner.csproj", "{05098F4E-8AF0-4181-BA5A-BBDABD572000}"
EndProject
Project("{FAE04EC0-301F-11D3-BF4B-00C04F79EFBC}") = "ResultChecker", "ResultChecker\ResultChecker.csproj", "{B987FF23-3CBB-4CE2-95AF-89DEA13C4637}"
	ProjectSection(ProjectDependencies) = postProject
		{05098F4E-8AF0-4181-BA5A-BBDABD572000} = {05098F4E-8AF0-4181-BA5A-BBDABD572000}
		{9258A980-2A10-4796-BAC1-1769F13FB8B4} = {9258A980-2A10-4796-BAC1-1769F13FB8B4}
		{FF602692-A856-45B1-8C6D-55857F1C9E65} = {FF602692-A856-45B1-8C6D-55857F1C9E65}
		{3FE50597-048E-4EEB-AA78-99D941524D8C} = {3FE50597-048E-4EEB-AA78-99D941524D8C}
	EndProjectSection
EndProject
Project("{FAE04EC0-301F-11D3-BF4B-00C04F79EFBC}") = "SQLLibrary", "SQLLibrary\SQLLibrary.csproj", "{9258A980-2A10-4796-BAC1-1769F13FB8B4}"
	ProjectSection(ProjectDependencies) = postProject
		{05098F4E-8AF0-4181-BA5A-BBDABD572000} = {05098F4E-8AF0-4181-BA5A-BBDABD572000}
	EndProjectSection
EndProject
Project("{FAE04EC0-301F-11D3-BF4B-00C04F79EFBC}") = "TaskVisualizer", "TaskVisualizer\TaskVisualizer.csproj", "{A29BAB50-19B4-4F4D-A8C7-FDCA156CE708}"
EndProject
Project("{FAE04EC0-301F-11D3-BF4B-00C04F79EFBC}") = "CommonLibrary", "CommonLibrary\CommonLibrary.csproj", "{99A52CCF-C05A-47EE-BDA6-DE15F39C921F}"
EndProject
Global
	GlobalSection(SolutionConfigurationPlatforms) = preSolution
		Debug|Any CPU = Debug|Any CPU
		Release|Any CPU = Release|Any CPU
	EndGlobalSection
	GlobalSection(ProjectConfigurationPlatforms) = postSolution
		{48EB6045-65E2-4A98-86CC-A3063A02021E}.Debug|Any CPU.ActiveCfg = Debug|Any CPU
		{48EB6045-65E2-4A98-86CC-A3063A02021E}.Debug|Any CPU.Build.0 = Debug|Any CPU
		{48EB6045-65E2-4A98-86CC-A3063A02021E}.Release|Any CPU.ActiveCfg = Release|Any CPU
		{48EB6045-65E2-4A98-86CC-A3063A02021E}.Release|Any CPU.Build.0 = Release|Any CPU
		{FF602692-A856-45B1-8C6D-55857F1C9E65}.Debug|Any CPU.ActiveCfg = Debug|Any CPU
		{FF602692-A856-45B1-8C6D-55857F1C9E65}.Debug|Any CPU.Build.0 = Debug|Any CPU
		{FF602692-A856-45B1-8C6D-55857F1C9E65}.Release|Any CPU.ActiveCfg = Release|Any CPU
		{FF602692-A856-45B1-8C6D-55857F1C9E65}.Release|Any CPU.Build.0 = Release|Any CPU
		{3FE50597-048E-4EEB-AA78-99D941524D8C}.Debug|Any CPU.ActiveCfg = Debug|Any CPU
		{3FE50597-048E-4EEB-AA78-99D941524D8C}.Debug|Any CPU.Build.0 = Debug|Any CPU
		{3FE50597-048E-4EEB-AA78-99D941524D8C}.Release|Any CPU.ActiveCfg = Release|Any CPU
		{3FE50597-048E-4EEB-AA78-99D941524D8C}.Release|Any CPU.Build.0 = Release|Any CPU
		{05098F4E-8AF0-4181-BA5A-BBDABD572000}.Debug|Any CPU.ActiveCfg = Debug|Any CPU
		{05098F4E-8AF0-4181-BA5A-BBDABD572000}.Debug|Any CPU.Build.0 = Debug|Any CPU
		{05098F4E-8AF0-4181-BA5A-BBDABD572000}.Release|Any CPU.ActiveCfg = Release|Any CPU
		{05098F4E-8AF0-4181-BA5A-BBDABD572000}.Release|Any CPU.Build.0 = Release|Any CPU
		{B987FF23-3CBB-4CE2-95AF-89DEA13C4637}.Debug|Any CPU.ActiveCfg = Debug|Any CPU
		{B987FF23-3CBB-4CE2-95AF-89DEA13C4637}.Debug|Any CPU.Build.0 = Debug|Any CPU
		{B987FF23-3CBB-4CE2-95AF-89DEA13C4637}.Release|Any CPU.ActiveCfg = Release|Any CPU
		{B987FF23-3CBB-4CE2-95AF-89DEA13C4637}.Release|Any CPU.Build.0 = Release|Any CPU
		{9258A980-2A10-4796-BAC1-1769F13FB8B4}.Debug|Any CPU.ActiveCfg = Debug|Any CPU
		{9258A980-2A10-4796-BAC1-1769F13FB8B4}.Debug|Any CPU.Build.0 = Debug|Any CPU
		{9258A980-2A10-4796-BAC1-1769F13FB8B4}.Release|Any CPU.ActiveCfg = Release|Any CPU
		{9258A980-2A10-4796-BAC1-1769F13FB8B4}.Release|Any CPU.Build.0 = Release|Any CPU
		{A29BAB50-19B4-4F4D-A8C7-FDCA156CE708}.Debug|Any CPU.ActiveCfg = Debug|Any CPU
		{A29BAB50-19B4-4F4D-A8C7-FDCA156CE708}.Debug|Any CPU.Build.0 = Debug|Any CPU
		{A29BAB50-19B4-4F4D-A8C7-FDCA156CE708}.Release|Any CPU.ActiveCfg = Release|Any CPU
		{A29BAB50-19B4-4F4D-A8C7-FDCA156CE708}.Release|Any CPU.Build.0 = Release|Any CPU
		{99A52CCF-C05A-47EE-BDA6-DE15F39C921F}.Debug|Any CPU.ActiveCfg = Debug|Any CPU
		{99A52CCF-C05A-47EE-BDA6-DE15F39C921F}.Debug|Any CPU.Build.0 = Debug|Any CPU
		{99A52CCF-C05A-47EE-BDA6-DE15F39C921F}.Release|Any CPU.ActiveCfg = Release|Any CPU
		{99A52CCF-C05A-47EE-BDA6-DE15F39C921F}.Release|Any CPU.Build.0 = Release|Any CPU
	EndGlobalSection
	GlobalSection(SolutionProperties) = preSolution
		HideSolutionNode = FALSE
	EndGlobalSection
EndGlobal
