
Microsoft Visual Studio Solution File, Format Version 12.00
# Visual Studio 14
VisualStudioVersion = 14.0.25420.1
MinimumVisualStudioVersion = 10.0.40219.1
Project("{FAE04EC0-301F-11D3-BF4B-00C04F79EFBC}") = "ExcelTest", "ExcelTest2\ExcelTest\ExcelTest.csproj", "{48EB6045-65E2-4A98-86CC-A3063A02021E}"
EndProject
Project("{FAE04EC0-301F-11D3-BF4B-00C04F79EFBC}") = "FreeScreenVideoRecorder", "Free Screen Video Recorder\WindowsFormsApplication16\FreeScreenVideoRecorder.csproj", "{FF602692-A856-45B1-8C6D-55857F1C9E65}"
EndProject
Project("{FAE04EC0-301F-11D3-BF4B-00C04F79EFBC}") = "GeneratorPrzypadkow", "Generator\WindowsFormsApplication7\GeneratorPrzypadkow.csproj", "{3FE50597-048E-4EEB-AA78-99D941524D8C}"
EndProject
Project("{FAE04EC0-301F-11D3-BF4B-00C04F79EFBC}") = "TaskRunner", "TaskRunner\TaskRunner\TaskRunner.csproj", "{05098F4E-8AF0-4181-BA5A-BBDABD572000}"
EndProject
Global
	GlobalSection(SolutionConfigurationPlatforms) = preSolution
		Debug|Any CPU = Debug|Any CPU
		Release|Any CPU = Release|Any CPU
	EndGlobalSection
	GlobalSection(ProjectConfigurationPlatforms) = postSolution
		{48EB6045-65E2-4A98-86CC-A3063A02021E}.Debug|Any CPU.ActiveCfg = Debug|Any CPU
		{48EB6045-65E2-4A98-86CC-A3063A02021E}.Debug|Any CPU.Build.0 = Debug|Any CPU
		{48EB6045-65E2-4A98-86CC-A3063A02021E}.Release|Any CPU.ActiveCfg = Release|Any CPU
		{48EB6045-65E2-4A98-86CC-A3063A02021E}.Release|Any CPU.Build.0 = Release|Any CPU
		{FF602692-A856-45B1-8C6D-55857F1C9E65}.Debug|Any CPU.ActiveCfg = Debug|Any CPU
		{FF602692-A856-45B1-8C6D-55857F1C9E65}.Debug|Any CPU.Build.0 = Debug|Any CPU
		{FF602692-A856-45B1-8C6D-55857F1C9E65}.Release|Any CPU.ActiveCfg = Release|Any CPU
		{FF602692-A856-45B1-8C6D-55857F1C9E65}.Release|Any CPU.Build.0 = Release|Any CPU
		{3FE50597-048E-4EEB-AA78-99D941524D8C}.Debug|Any CPU.ActiveCfg = Debug|Any CPU
		{3FE50597-048E-4EEB-AA78-99D941524D8C}.Debug|Any CPU.Build.0 = Debug|Any CPU
		{3FE50597-048E-4EEB-AA78-99D941524D8C}.Release|Any CPU.ActiveCfg = Release|Any CPU
		{3FE50597-048E-4EEB-AA78-99D941524D8C}.Release|Any CPU.Build.0 = Release|Any CPU
		{05098F4E-8AF0-4181-BA5A-BBDABD572000}.Debug|Any CPU.ActiveCfg = Debug|Any CPU
		{05098F4E-8AF0-4181-BA5A-BBDABD572000}.Debug|Any CPU.Build.0 = Debug|Any CPU
		{05098F4E-8AF0-4181-BA5A-BBDABD572000}.Release|Any CPU.ActiveCfg = Release|Any CPU
		{05098F4E-8AF0-4181-BA5A-BBDABD572000}.Release|Any CPU.Build.0 = Release|Any CPU
	EndGlobalSection
	GlobalSection(SolutionProperties) = preSolution
		HideSolutionNode = FALSE
	EndGlobalSection
EndGlobal
